
Microsoft Visual Studio Solution File, Format Version 12.00
# Visual Studio Version 17
VisualStudioVersion = 17.14.36511.14
MinimumVisualStudioVersion = 10.0.40219.1
Project("{2150E333-8FDC-42A3-9474-1A3956D46DE8}") = "GameOfLife", "GameOfLife", "{5F7EC460-9C52-49A2-B640-26234D6B1100}"
EndProject
Project("{2150E333-8FDC-42A3-9474-1A3956D46DE8}") = "Pacman", "Pacman", "{0DFB1AE6-AB9D-45D6-A2CE-81F46326E5CE}"
EndProject
Project("{FAE04EC0-301F-11D3-BF4B-00C04F79EFBC}") = "GameOfLife.Model", "GameOfLife.Model\GameOfLife.Model.csproj", "{6E3D4878-9AE9-4FDB-9E80-FB4623F51B90}"
EndProject
Project("{FAE04EC0-301F-11D3-BF4B-00C04F79EFBC}") = "GameOfLife.ConsoleApp", "GameOfLife.ConsoleApp\GameOfLife.ConsoleApp.csproj", "{FF6EB531-172A-42A2-B898-D430E9732D30}"
EndProject
Project("{FAE04EC0-301F-11D3-BF4B-00C04F79EFBC}") = "Pacman.Model", "Pacman.Model\Pacman.Model.csproj", "{1D5AA3DC-B4E2-4FFF-BB36-19B257187AF3}"
EndProject
Project("{FAE04EC0-301F-11D3-BF4B-00C04F79EFBC}") = "Pacman.ConsoleApp", "Pacman.ConsoleApp\Pacman.ConsoleApp.csproj", "{2B45C2B3-CEE5-46BB-9583-CE8D1AB9152E}"
EndProject
Project("{2150E333-8FDC-42A3-9474-1A3956D46DE8}") = "Solution Items", "Solution Items", "{8EC462FD-D22E-90A8-E5CE-7E832BA40C5D}"
	ProjectSection(SolutionItems) = preProject
		README.md = README.md
	EndProjectSection
EndProject
Project("{FAE04EC0-301F-11D3-BF4B-00C04F79EFBC}") = "GameOfLife.Tests", "GameOfLife.Tests\GameOfLife.Tests.csproj", "{6B6EC854-1B6A-48BC-AEE8-637B3FE9DBBC}"
EndProject
Project("{FAE04EC0-301F-11D3-BF4B-00C04F79EFBC}") = "Utility", "Utility\Utility.csproj", "{E07D44F2-1BAB-400A-ABD5-9C94CD2E9305}"
EndProject
Project("{FAE04EC0-301F-11D3-BF4B-00C04F79EFBC}") = "Utility.Tests", "Utility.Tests\Utility.Tests.csproj", "{31978A3D-EFFD-417F-ACA8-90FEC50357B7}"
EndProject
Global
	GlobalSection(SolutionConfigurationPlatforms) = preSolution
		Debug|Any CPU = Debug|Any CPU
		Debug|x64 = Debug|x64
		Debug|x86 = Debug|x86
		Release|Any CPU = Release|Any CPU
		Release|x64 = Release|x64
		Release|x86 = Release|x86
	EndGlobalSection
	GlobalSection(ProjectConfigurationPlatforms) = postSolution
		{6E3D4878-9AE9-4FDB-9E80-FB4623F51B90}.Debug|Any CPU.ActiveCfg = Debug|Any CPU
		{6E3D4878-9AE9-4FDB-9E80-FB4623F51B90}.Debug|Any CPU.Build.0 = Debug|Any CPU
		{6E3D4878-9AE9-4FDB-9E80-FB4623F51B90}.Debug|x64.ActiveCfg = Debug|Any CPU
		{6E3D4878-9AE9-4FDB-9E80-FB4623F51B90}.Debug|x64.Build.0 = Debug|Any CPU
		{6E3D4878-9AE9-4FDB-9E80-FB4623F51B90}.Debug|x86.ActiveCfg = Debug|Any CPU
		{6E3D4878-9AE9-4FDB-9E80-FB4623F51B90}.Debug|x86.Build.0 = Debug|Any CPU
		{6E3D4878-9AE9-4FDB-9E80-FB4623F51B90}.Release|Any CPU.ActiveCfg = Release|Any CPU
		{6E3D4878-9AE9-4FDB-9E80-FB4623F51B90}.Release|Any CPU.Build.0 = Release|Any CPU
		{6E3D4878-9AE9-4FDB-9E80-FB4623F51B90}.Release|x64.ActiveCfg = Release|Any CPU
		{6E3D4878-9AE9-4FDB-9E80-FB4623F51B90}.Release|x64.Build.0 = Release|Any CPU
		{6E3D4878-9AE9-4FDB-9E80-FB4623F51B90}.Release|x86.ActiveCfg = Release|Any CPU
		{6E3D4878-9AE9-4FDB-9E80-FB4623F51B90}.Release|x86.Build.0 = Release|Any CPU
		{FF6EB531-172A-42A2-B898-D430E9732D30}.Debug|Any CPU.ActiveCfg = Debug|Any CPU
		{FF6EB531-172A-42A2-B898-D430E9732D30}.Debug|Any CPU.Build.0 = Debug|Any CPU
		{FF6EB531-172A-42A2-B898-D430E9732D30}.Debug|x64.ActiveCfg = Debug|Any CPU
		{FF6EB531-172A-42A2-B898-D430E9732D30}.Debug|x64.Build.0 = Debug|Any CPU
		{FF6EB531-172A-42A2-B898-D430E9732D30}.Debug|x86.ActiveCfg = Debug|Any CPU
		{FF6EB531-172A-42A2-B898-D430E9732D30}.Debug|x86.Build.0 = Debug|Any CPU
		{FF6EB531-172A-42A2-B898-D430E9732D30}.Release|Any CPU.ActiveCfg = Release|Any CPU
		{FF6EB531-172A-42A2-B898-D430E9732D30}.Release|Any CPU.Build.0 = Release|Any CPU
		{FF6EB531-172A-42A2-B898-D430E9732D30}.Release|x64.ActiveCfg = Release|Any CPU
		{FF6EB531-172A-42A2-B898-D430E9732D30}.Release|x64.Build.0 = Release|Any CPU
		{FF6EB531-172A-42A2-B898-D430E9732D30}.Release|x86.ActiveCfg = Release|Any CPU
		{FF6EB531-172A-42A2-B898-D430E9732D30}.Release|x86.Build.0 = Release|Any CPU
		{1D5AA3DC-B4E2-4FFF-BB36-19B257187AF3}.Debug|Any CPU.ActiveCfg = Debug|Any CPU
		{1D5AA3DC-B4E2-4FFF-BB36-19B257187AF3}.Debug|Any CPU.Build.0 = Debug|Any CPU
		{1D5AA3DC-B4E2-4FFF-BB36-19B257187AF3}.Debug|x64.ActiveCfg = Debug|Any CPU
		{1D5AA3DC-B4E2-4FFF-BB36-19B257187AF3}.Debug|x64.Build.0 = Debug|Any CPU
		{1D5AA3DC-B4E2-4FFF-BB36-19B257187AF3}.Debug|x86.ActiveCfg = Debug|Any CPU
		{1D5AA3DC-B4E2-4FFF-BB36-19B257187AF3}.Debug|x86.Build.0 = Debug|Any CPU
		{1D5AA3DC-B4E2-4FFF-BB36-19B257187AF3}.Release|Any CPU.ActiveCfg = Release|Any CPU
		{1D5AA3DC-B4E2-4FFF-BB36-19B257187AF3}.Release|Any CPU.Build.0 = Release|Any CPU
		{1D5AA3DC-B4E2-4FFF-BB36-19B257187AF3}.Release|x64.ActiveCfg = Release|Any CPU
		{1D5AA3DC-B4E2-4FFF-BB36-19B257187AF3}.Release|x64.Build.0 = Release|Any CPU
		{1D5AA3DC-B4E2-4FFF-BB36-19B257187AF3}.Release|x86.ActiveCfg = Release|Any CPU
		{1D5AA3DC-B4E2-4FFF-BB36-19B257187AF3}.Release|x86.Build.0 = Release|Any CPU
		{2B45C2B3-CEE5-46BB-9583-CE8D1AB9152E}.Debug|Any CPU.ActiveCfg = Debug|Any CPU
		{2B45C2B3-CEE5-46BB-9583-CE8D1AB9152E}.Debug|Any CPU.Build.0 = Debug|Any CPU
		{2B45C2B3-CEE5-46BB-9583-CE8D1AB9152E}.Debug|x64.ActiveCfg = Debug|Any CPU
		{2B45C2B3-CEE5-46BB-9583-CE8D1AB9152E}.Debug|x64.Build.0 = Debug|Any CPU
		{2B45C2B3-CEE5-46BB-9583-CE8D1AB9152E}.Debug|x86.ActiveCfg = Debug|Any CPU
		{2B45C2B3-CEE5-46BB-9583-CE8D1AB9152E}.Debug|x86.Build.0 = Debug|Any CPU
		{2B45C2B3-CEE5-46BB-9583-CE8D1AB9152E}.Release|Any CPU.ActiveCfg = Release|Any CPU
		{2B45C2B3-CEE5-46BB-9583-CE8D1AB9152E}.Release|Any CPU.Build.0 = Release|Any CPU
		{2B45C2B3-CEE5-46BB-9583-CE8D1AB9152E}.Release|x64.ActiveCfg = Release|Any CPU
		{2B45C2B3-CEE5-46BB-9583-CE8D1AB9152E}.Release|x64.Build.0 = Release|Any CPU
		{2B45C2B3-CEE5-46BB-9583-CE8D1AB9152E}.Release|x86.ActiveCfg = Release|Any CPU
		{2B45C2B3-CEE5-46BB-9583-CE8D1AB9152E}.Release|x86.Build.0 = Release|Any CPU
		{6B6EC854-1B6A-48BC-AEE8-637B3FE9DBBC}.Debug|Any CPU.ActiveCfg = Debug|Any CPU
		{6B6EC854-1B6A-48BC-AEE8-637B3FE9DBBC}.Debug|Any CPU.Build.0 = Debug|Any CPU
		{6B6EC854-1B6A-48BC-AEE8-637B3FE9DBBC}.Debug|x64.ActiveCfg = Debug|Any CPU
		{6B6EC854-1B6A-48BC-AEE8-637B3FE9DBBC}.Debug|x64.Build.0 = Debug|Any CPU
		{6B6EC854-1B6A-48BC-AEE8-637B3FE9DBBC}.Debug|x86.ActiveCfg = Debug|Any CPU
		{6B6EC854-1B6A-48BC-AEE8-637B3FE9DBBC}.Debug|x86.Build.0 = Debug|Any CPU
		{6B6EC854-1B6A-48BC-AEE8-637B3FE9DBBC}.Release|Any CPU.ActiveCfg = Release|Any CPU
		{6B6EC854-1B6A-48BC-AEE8-637B3FE9DBBC}.Release|Any CPU.Build.0 = Release|Any CPU
		{6B6EC854-1B6A-48BC-AEE8-637B3FE9DBBC}.Release|x64.ActiveCfg = Release|Any CPU
		{6B6EC854-1B6A-48BC-AEE8-637B3FE9DBBC}.Release|x64.Build.0 = Release|Any CPU
		{6B6EC854-1B6A-48BC-AEE8-637B3FE9DBBC}.Release|x86.ActiveCfg = Release|Any CPU
		{6B6EC854-1B6A-48BC-AEE8-637B3FE9DBBC}.Release|x86.Build.0 = Release|Any CPU
		{E07D44F2-1BAB-400A-ABD5-9C94CD2E9305}.Debug|Any CPU.ActiveCfg = Debug|Any CPU
		{E07D44F2-1BAB-400A-ABD5-9C94CD2E9305}.Debug|Any CPU.Build.0 = Debug|Any CPU
		{E07D44F2-1BAB-400A-ABD5-9C94CD2E9305}.Debug|x64.ActiveCfg = Debug|Any CPU
		{E07D44F2-1BAB-400A-ABD5-9C94CD2E9305}.Debug|x64.Build.0 = Debug|Any CPU
		{E07D44F2-1BAB-400A-ABD5-9C94CD2E9305}.Debug|x86.ActiveCfg = Debug|Any CPU
		{E07D44F2-1BAB-400A-ABD5-9C94CD2E9305}.Debug|x86.Build.0 = Debug|Any CPU
		{E07D44F2-1BAB-400A-ABD5-9C94CD2E9305}.Release|Any CPU.ActiveCfg = Release|Any CPU
		{E07D44F2-1BAB-400A-ABD5-9C94CD2E9305}.Release|Any CPU.Build.0 = Release|Any CPU
		{E07D44F2-1BAB-400A-ABD5-9C94CD2E9305}.Release|x64.ActiveCfg = Release|Any CPU
		{E07D44F2-1BAB-400A-ABD5-9C94CD2E9305}.Release|x64.Build.0 = Release|Any CPU
		{E07D44F2-1BAB-400A-ABD5-9C94CD2E9305}.Release|x86.ActiveCfg = Release|Any CPU
		{E07D44F2-1BAB-400A-ABD5-9C94CD2E9305}.Release|x86.Build.0 = Release|Any CPU
		{31978A3D-EFFD-417F-ACA8-90FEC50357B7}.Debug|Any CPU.ActiveCfg = Debug|Any CPU
		{31978A3D-EFFD-417F-ACA8-90FEC50357B7}.Debug|Any CPU.Build.0 = Debug|Any CPU
		{31978A3D-EFFD-417F-ACA8-90FEC50357B7}.Debug|x64.ActiveCfg = Debug|Any CPU
		{31978A3D-EFFD-417F-ACA8-90FEC50357B7}.Debug|x64.Build.0 = Debug|Any CPU
		{31978A3D-EFFD-417F-ACA8-90FEC50357B7}.Debug|x86.ActiveCfg = Debug|Any CPU
		{31978A3D-EFFD-417F-ACA8-90FEC50357B7}.Debug|x86.Build.0 = Debug|Any CPU
		{31978A3D-EFFD-417F-ACA8-90FEC50357B7}.Release|Any CPU.ActiveCfg = Release|Any CPU
		{31978A3D-EFFD-417F-ACA8-90FEC50357B7}.Release|Any CPU.Build.0 = Release|Any CPU
		{31978A3D-EFFD-417F-ACA8-90FEC50357B7}.Release|x64.ActiveCfg = Release|Any CPU
		{31978A3D-EFFD-417F-ACA8-90FEC50357B7}.Release|x64.Build.0 = Release|Any CPU
		{31978A3D-EFFD-417F-ACA8-90FEC50357B7}.Release|x86.ActiveCfg = Release|Any CPU
		{31978A3D-EFFD-417F-ACA8-90FEC50357B7}.Release|x86.Build.0 = Release|Any CPU
	EndGlobalSection
	GlobalSection(SolutionProperties) = preSolution
		HideSolutionNode = FALSE
	EndGlobalSection
	GlobalSection(NestedProjects) = preSolution
		{6E3D4878-9AE9-4FDB-9E80-FB4623F51B90} = {5F7EC460-9C52-49A2-B640-26234D6B1100}
		{FF6EB531-172A-42A2-B898-D430E9732D30} = {5F7EC460-9C52-49A2-B640-26234D6B1100}
		{1D5AA3DC-B4E2-4FFF-BB36-19B257187AF3} = {0DFB1AE6-AB9D-45D6-A2CE-81F46326E5CE}
		{2B45C2B3-CEE5-46BB-9583-CE8D1AB9152E} = {0DFB1AE6-AB9D-45D6-A2CE-81F46326E5CE}
		{6B6EC854-1B6A-48BC-AEE8-637B3FE9DBBC} = {5F7EC460-9C52-49A2-B640-26234D6B1100}
	EndGlobalSection
	GlobalSection(ExtensibilityGlobals) = postSolution
		SolutionGuid = {737F0B20-B564-454B-96F6-053973F77034}
	EndGlobalSection
EndGlobal
